
Microsoft Visual Studio Solution File, Format Version 12.00
# Visual Studio Version 16
VisualStudioVersion = 16.0.30503.244
MinimumVisualStudioVersion = 10.0.40219.1
Project("{9A19103F-16F7-4668-BE54-9A1E7A4F7556}") = "Planetarium", "Planetarium\Planetarium.csproj", "{BCDD314B-C359-4155-9362-4275C8194F9F}"
EndProject
Global
	GlobalSection(SolutionConfigurationPlatforms) = preSolution
		Debug|Any CPU = Debug|Any CPU
		Release|Any CPU = Release|Any CPU
	EndGlobalSection
	GlobalSection(ProjectConfigurationPlatforms) = postSolution
		{BCDD314B-C359-4155-9362-4275C8194F9F}.Debug|Any CPU.ActiveCfg = Debug|Any CPU
		{BCDD314B-C359-4155-9362-4275C8194F9F}.Debug|Any CPU.Build.0 = Debug|Any CPU
		{BCDD314B-C359-4155-9362-4275C8194F9F}.Release|Any CPU.ActiveCfg = Release|Any CPU
		{BCDD314B-C359-4155-9362-4275C8194F9F}.Release|Any CPU.Build.0 = Release|Any CPU
	EndGlobalSection
	GlobalSection(SolutionProperties) = preSolution
		HideSolutionNode = FALSE
	EndGlobalSection
	GlobalSection(ExtensibilityGlobals) = postSolution
		SolutionGuid = {B41AEA40-31B0-4DE0-BCEC-36DC1B897A08}
	EndGlobalSection
EndGlobal
